{
  "version": 4,
  "terraform_version": "1.9.2",
  "serial": 13,
  "lineage": "b3c0f6d8-643d-7dea-acf1-d59290a07b1b",
  "outputs": {
    "api_key": {
      "value": "12345asdf",
      "type": "string",
      "sensitive": true
    },
    "db_pass": {
      "value": "YrGO8didq3ChR_EF",
      "type": "string",
      "sensitive": true
    },
    "resource_identifier": {
      "value": "demo-app-dev-intensely-precious-osprey",
      "type": "string"
    }
  },
  "resources": [
    {
      "mode": "managed",
      "type": "random_password",
      "name": "db_password",
      "provider": "provider[\"registry.terraform.io/hashicorp/random\"]",
      "instances": [
        {
          "schema_version": 3,
          "attributes": {
            "bcrypt_hash": "$2a$10$pYsH0tVip4lzKs6dxpSscuHtYk1EMZX0utBBfE.JUeQ9hgqTELi0e",
            "id": "none",
            "keepers": null,
            "length": 16,
            "lower": true,
            "min_lower": 0,
            "min_numeric": 0,
            "min_special": 0,
            "min_upper": 0,
            "number": true,
            "numeric": true,
            "override_special": "_%@",
            "result": "YrGO8didq3ChR_EF",
            "special": true,
            "upper": true
          },
          "sensitive_attributes": [
            [
              {
                "type": "get_attr",
                "value": "result"
              }
            ],
            [
              {
                "type": "get_attr",
                "value": "bcrypt_hash"
              }
            ]
          ]
        }
      ]
    },
    {
      "mode": "managed",
      "type": "random_pet",
      "name": "env_suffix",
      "provider": "provider[\"registry.terraform.io/hashicorp/random\"]",
      "instances": [
        {
          "schema_version": 0,
          "attributes": {
            "id": "intensely-precious-osprey",
            "keepers": null,
            "length": 3,
            "prefix": null,
            "separator": "-"
          },
          "sensitive_attributes": []
        }
      ]
    }
  ],
  "check_results": null
}
